
Microsoft Visual Studio Solution File, Format Version 12.00
# Visual Studio Version 17
VisualStudioVersion = 17.12.35527.113 d17.12
MinimumVisualStudioVersion = 10.0.40219.1
Project("{FAE04EC0-301F-11D3-BF4B-00C04F79EFBC}") = "gBruno_C969", "gBruno_C969\gBruno_C969.csproj", "{835D8F86-8477-4B9A-AE20-D7CA8641ADDB}"
EndProject
Global
	GlobalSection(SolutionConfigurationPlatforms) = preSolution
		Debug|Any CPU = Debug|Any CPU
		Release|Any CPU = Release|Any CPU
	EndGlobalSection
	GlobalSection(ProjectConfigurationPlatforms) = postSolution
		{835D8F86-8477-4B9A-AE20-D7CA8641ADDB}.Debug|Any CPU.ActiveCfg = Debug|Any CPU
		{835D8F86-8477-4B9A-AE20-D7CA8641ADDB}.Debug|Any CPU.Build.0 = Debug|Any CPU
		{835D8F86-8477-4B9A-AE20-D7CA8641ADDB}.Release|Any CPU.ActiveCfg = Release|Any CPU
		{835D8F86-8477-4B9A-AE20-D7CA8641ADDB}.Release|Any CPU.Build.0 = Release|Any CPU
	EndGlobalSection
	GlobalSection(SolutionProperties) = preSolution
		HideSolutionNode = FALSE
	EndGlobalSection
EndGlobal
